
Microsoft Visual Studio Solution File, Format Version 12.00
# Visual Studio Version 17
VisualStudioVersion = 17.6.33801.468
MinimumVisualStudioVersion = 10.0.40219.1
Project("{FAE04EC0-301F-11D3-BF4B-00C04F79EFBC}") = "FitTeamAPI", "FitTeamAPI.csproj", "{19E6B583-AF84-4274-BFE2-A0B0AB1062F6}"
EndProject
Global
	GlobalSection(SolutionConfigurationPlatforms) = preSolution
		Debug|Any CPU = Debug|Any CPU
		Release|Any CPU = Release|Any CPU
	EndGlobalSection
	GlobalSection(ProjectConfigurationPlatforms) = postSolution
		{19E6B583-AF84-4274-BFE2-A0B0AB1062F6}.Debug|Any CPU.ActiveCfg = Debug|Any CPU
		{19E6B583-AF84-4274-BFE2-A0B0AB1062F6}.Debug|Any CPU.Build.0 = Debug|Any CPU
		{19E6B583-AF84-4274-BFE2-A0B0AB1062F6}.Release|Any CPU.ActiveCfg = Release|Any CPU
		{19E6B583-AF84-4274-BFE2-A0B0AB1062F6}.Release|Any CPU.Build.0 = Release|Any CPU
	EndGlobalSection
	GlobalSection(SolutionProperties) = preSolution
		HideSolutionNode = FALSE
	EndGlobalSection
	GlobalSection(ExtensibilityGlobals) = postSolution
		SolutionGuid = {E8567251-6AE4-46AF-81AA-7A9CAA467749}
	EndGlobalSection
EndGlobal
